{
  "name": "DASH-Streamer",
  "lockfileVersion": 2,
  "requires": true,
  "packages": {
    "": {
      "dependencies": {
        "mp4frag": "^0.6.0"
      }
    },
    "node_modules/mp4frag": {
      "version": "0.6.0",
      "resolved": "https://registry.npmjs.org/mp4frag/-/mp4frag-0.6.0.tgz",
      "integrity": "sha512-MvBAaWkW94SSpam/QsCmbMi7+ZY2YHzAjj6Uno7AZ6qxH7gZstN+L3jFopdN5F3/5mRK25gvA4k0DVpCbDe7+g==",
      "engines": {
        "node": ">=10"
      }
    }
  },
  "dependencies": {
    "mp4frag": {
      "version": "0.6.0",
      "resolved": "https://registry.npmjs.org/mp4frag/-/mp4frag-0.6.0.tgz",
      "integrity": "sha512-MvBAaWkW94SSpam/QsCmbMi7+ZY2YHzAjj6Uno7AZ6qxH7gZstN+L3jFopdN5F3/5mRK25gvA4k0DVpCbDe7+g=="
    }
  }
}
